
Microsoft Visual Studio Solution File, Format Version 11.00
# Visual Studio 2010
Project("{8BC9CEB8-8B4A-11D0-8D11-00A0C91BC942}") = "Builder", "Builder\Builder.vcxproj", "{07E64799-B0E6-49F7-80F0-E9AF084FBEA9}"
EndProject
Global
	GlobalSection(SolutionConfigurationPlatforms) = preSolution
		Debug|Win32 = Debug|Win32
		Release|Win32 = Release|Win32
	EndGlobalSection
	GlobalSection(ProjectConfigurationPlatforms) = postSolution
		{07E64799-B0E6-49F7-80F0-E9AF084FBEA9}.Debug|Win32.ActiveCfg = Debug|Win32
		{07E64799-B0E6-49F7-80F0-E9AF084FBEA9}.Debug|Win32.Build.0 = Debug|Win32
		{07E64799-B0E6-49F7-80F0-E9AF084FBEA9}.Release|Win32.ActiveCfg = Release|Win32
		{07E64799-B0E6-49F7-80F0-E9AF084FBEA9}.Release|Win32.Build.0 = Release|Win32
	EndGlobalSection
	GlobalSection(SolutionProperties) = preSolution
		HideSolutionNode = FALSE
	EndGlobalSection
EndGlobal
