
Microsoft Visual Studio Solution File, Format Version 11.00
# Visual Studio 2010
Project("{8BC9CEB8-8B4A-11D0-8D11-00A0C91BC942}") = "Mediator", "Mediator\Mediator.vcxproj", "{239224F0-964F-4C78-A9DE-4B635F16B17D}"
EndProject
Global
	GlobalSection(SolutionConfigurationPlatforms) = preSolution
		Debug|Win32 = Debug|Win32
		Release|Win32 = Release|Win32
	EndGlobalSection
	GlobalSection(ProjectConfigurationPlatforms) = postSolution
		{239224F0-964F-4C78-A9DE-4B635F16B17D}.Debug|Win32.ActiveCfg = Debug|Win32
		{239224F0-964F-4C78-A9DE-4B635F16B17D}.Debug|Win32.Build.0 = Debug|Win32
		{239224F0-964F-4C78-A9DE-4B635F16B17D}.Release|Win32.ActiveCfg = Release|Win32
		{239224F0-964F-4C78-A9DE-4B635F16B17D}.Release|Win32.Build.0 = Release|Win32
	EndGlobalSection
	GlobalSection(SolutionProperties) = preSolution
		HideSolutionNode = FALSE
	EndGlobalSection
EndGlobal
